
Microsoft Visual Studio Solution File, Format Version 12.00
# Visual Studio Version 16
VisualStudioVersion = 16.0.31205.134
MinimumVisualStudioVersion = 10.0.40219.1
Project("{FAE04EC0-301F-11D3-BF4B-00C04F79EFBC}") = "InventoryService", "InventoryService\InventoryService.csproj", "{0E3D1881-E96A-46D7-9948-0EBBBB647BC4}"
EndProject
Project("{FAE04EC0-301F-11D3-BF4B-00C04F79EFBC}") = "Repository", "Repository\Repository.csproj", "{18AFBBD0-D369-457A-847A-AFD4A60EB597}"
EndProject
Project("{FAE04EC0-301F-11D3-BF4B-00C04F79EFBC}") = "Enitites", "Enitites\Enitites.csproj", "{EF150296-46E3-4C2E-B655-A6A69B74F757}"
EndProject
Project("{FAE04EC0-301F-11D3-BF4B-00C04F79EFBC}") = "OrderManagement", "OrderManagement\OrderManagement.csproj", "{F38F2B72-4C6A-430B-85AB-DE0230EF42B3}"
EndProject
Global
	GlobalSection(SolutionConfigurationPlatforms) = preSolution
		Debug|Any CPU = Debug|Any CPU
		Release|Any CPU = Release|Any CPU
	EndGlobalSection
	GlobalSection(ProjectConfigurationPlatforms) = postSolution
		{0E3D1881-E96A-46D7-9948-0EBBBB647BC4}.Debug|Any CPU.ActiveCfg = Debug|Any CPU
		{0E3D1881-E96A-46D7-9948-0EBBBB647BC4}.Debug|Any CPU.Build.0 = Debug|Any CPU
		{0E3D1881-E96A-46D7-9948-0EBBBB647BC4}.Release|Any CPU.ActiveCfg = Release|Any CPU
		{0E3D1881-E96A-46D7-9948-0EBBBB647BC4}.Release|Any CPU.Build.0 = Release|Any CPU
		{18AFBBD0-D369-457A-847A-AFD4A60EB597}.Debug|Any CPU.ActiveCfg = Debug|Any CPU
		{18AFBBD0-D369-457A-847A-AFD4A60EB597}.Debug|Any CPU.Build.0 = Debug|Any CPU
		{18AFBBD0-D369-457A-847A-AFD4A60EB597}.Release|Any CPU.ActiveCfg = Release|Any CPU
		{18AFBBD0-D369-457A-847A-AFD4A60EB597}.Release|Any CPU.Build.0 = Release|Any CPU
		{EF150296-46E3-4C2E-B655-A6A69B74F757}.Debug|Any CPU.ActiveCfg = Debug|Any CPU
		{EF150296-46E3-4C2E-B655-A6A69B74F757}.Debug|Any CPU.Build.0 = Debug|Any CPU
		{EF150296-46E3-4C2E-B655-A6A69B74F757}.Release|Any CPU.ActiveCfg = Release|Any CPU
		{EF150296-46E3-4C2E-B655-A6A69B74F757}.Release|Any CPU.Build.0 = Release|Any CPU
		{F38F2B72-4C6A-430B-85AB-DE0230EF42B3}.Debug|Any CPU.ActiveCfg = Debug|Any CPU
		{F38F2B72-4C6A-430B-85AB-DE0230EF42B3}.Debug|Any CPU.Build.0 = Debug|Any CPU
		{F38F2B72-4C6A-430B-85AB-DE0230EF42B3}.Release|Any CPU.ActiveCfg = Release|Any CPU
		{F38F2B72-4C6A-430B-85AB-DE0230EF42B3}.Release|Any CPU.Build.0 = Release|Any CPU
	EndGlobalSection
	GlobalSection(SolutionProperties) = preSolution
		HideSolutionNode = FALSE
	EndGlobalSection
	GlobalSection(ExtensibilityGlobals) = postSolution
		SolutionGuid = {2242F570-9BAB-420D-AFBB-69E056F73048}
	EndGlobalSection
EndGlobal
